
Microsoft Visual Studio Solution File, Format Version 12.00
# Visual Studio Version 17
Project("{2150E333-8FDC-42A3-9474-1A3956D46DE8}") = "CMakePredefinedTargets", "CMakePredefinedTargets", "{E54B0F7B-8608-3B1D-BEFC-BF1346FE44A1}"
EndProject
Project("{8BC9CEB8-8B4A-11D0-8D11-00A0C91BC942}") = "ALL_BUILD", "ALL_BUILD.vcxproj", "{706944E4-17AE-30DE-9170-DECD2E949919}"
	ProjectSection(ProjectDependencies) = postProject
		{163B1247-F416-3E83-8C9E-C5DD6EE833CE} = {163B1247-F416-3E83-8C9E-C5DD6EE833CE}
		{8EDA585E-198F-35A3-BE0B-3A3A1D4FE459} = {8EDA585E-198F-35A3-BE0B-3A3A1D4FE459}
		{2DF0EA5F-38D7-372D-96F3-7B8BA10884C4} = {2DF0EA5F-38D7-372D-96F3-7B8BA10884C4}
		{A17AD436-EE2E-3803-A20E-85F9D576E6C5} = {A17AD436-EE2E-3803-A20E-85F9D576E6C5}
		{2561E403-9349-3703-AD92-36133833018F} = {2561E403-9349-3703-AD92-36133833018F}
	EndProjectSection
EndProject
Project("{8BC9CEB8-8B4A-11D0-8D11-00A0C91BC942}") = "BackShell", "BackShell.vcxproj", "{163B1247-F416-3E83-8C9E-C5DD6EE833CE}"
	ProjectSection(ProjectDependencies) = postProject
		{8EDA585E-198F-35A3-BE0B-3A3A1D4FE459} = {8EDA585E-198F-35A3-BE0B-3A3A1D4FE459}
	EndProjectSection
EndProject
Project("{8BC9CEB8-8B4A-11D0-8D11-00A0C91BC942}") = "ZERO_CHECK", "ZERO_CHECK.vcxproj", "{8EDA585E-198F-35A3-BE0B-3A3A1D4FE459}"
	ProjectSection(ProjectDependencies) = postProject
	EndProjectSection
EndProject
Project("{8BC9CEB8-8B4A-11D0-8D11-00A0C91BC942}") = "key_logger", "key_logger.vcxproj", "{2DF0EA5F-38D7-372D-96F3-7B8BA10884C4}"
	ProjectSection(ProjectDependencies) = postProject
		{8EDA585E-198F-35A3-BE0B-3A3A1D4FE459} = {8EDA585E-198F-35A3-BE0B-3A3A1D4FE459}
	EndProjectSection
EndProject
Project("{8BC9CEB8-8B4A-11D0-8D11-00A0C91BC942}") = "reverse_shell", "reverse_shell.vcxproj", "{A17AD436-EE2E-3803-A20E-85F9D576E6C5}"
	ProjectSection(ProjectDependencies) = postProject
		{8EDA585E-198F-35A3-BE0B-3A3A1D4FE459} = {8EDA585E-198F-35A3-BE0B-3A3A1D4FE459}
	EndProjectSection
EndProject
Project("{8BC9CEB8-8B4A-11D0-8D11-00A0C91BC942}") = "window_viewer", "window_viewer.vcxproj", "{2561E403-9349-3703-AD92-36133833018F}"
	ProjectSection(ProjectDependencies) = postProject
		{8EDA585E-198F-35A3-BE0B-3A3A1D4FE459} = {8EDA585E-198F-35A3-BE0B-3A3A1D4FE459}
	EndProjectSection
EndProject
Global
	GlobalSection(SolutionConfigurationPlatforms) = preSolution
		Debug|x64 = Debug|x64
		Release|x64 = Release|x64
		MinSizeRel|x64 = MinSizeRel|x64
		RelWithDebInfo|x64 = RelWithDebInfo|x64
	EndGlobalSection
	GlobalSection(ProjectConfigurationPlatforms) = postSolution
		{706944E4-17AE-30DE-9170-DECD2E949919}.Debug|x64.ActiveCfg = Debug|x64
		{706944E4-17AE-30DE-9170-DECD2E949919}.Release|x64.ActiveCfg = Release|x64
		{706944E4-17AE-30DE-9170-DECD2E949919}.MinSizeRel|x64.ActiveCfg = MinSizeRel|x64
		{706944E4-17AE-30DE-9170-DECD2E949919}.RelWithDebInfo|x64.ActiveCfg = RelWithDebInfo|x64
		{163B1247-F416-3E83-8C9E-C5DD6EE833CE}.Debug|x64.ActiveCfg = Debug|x64
		{163B1247-F416-3E83-8C9E-C5DD6EE833CE}.Debug|x64.Build.0 = Debug|x64
		{163B1247-F416-3E83-8C9E-C5DD6EE833CE}.Release|x64.ActiveCfg = Release|x64
		{163B1247-F416-3E83-8C9E-C5DD6EE833CE}.Release|x64.Build.0 = Release|x64
		{163B1247-F416-3E83-8C9E-C5DD6EE833CE}.MinSizeRel|x64.ActiveCfg = MinSizeRel|x64
		{163B1247-F416-3E83-8C9E-C5DD6EE833CE}.MinSizeRel|x64.Build.0 = MinSizeRel|x64
		{163B1247-F416-3E83-8C9E-C5DD6EE833CE}.RelWithDebInfo|x64.ActiveCfg = RelWithDebInfo|x64
		{163B1247-F416-3E83-8C9E-C5DD6EE833CE}.RelWithDebInfo|x64.Build.0 = RelWithDebInfo|x64
		{8EDA585E-198F-35A3-BE0B-3A3A1D4FE459}.Debug|x64.ActiveCfg = Debug|x64
		{8EDA585E-198F-35A3-BE0B-3A3A1D4FE459}.Debug|x64.Build.0 = Debug|x64
		{8EDA585E-198F-35A3-BE0B-3A3A1D4FE459}.Release|x64.ActiveCfg = Release|x64
		{8EDA585E-198F-35A3-BE0B-3A3A1D4FE459}.Release|x64.Build.0 = Release|x64
		{8EDA585E-198F-35A3-BE0B-3A3A1D4FE459}.MinSizeRel|x64.ActiveCfg = MinSizeRel|x64
		{8EDA585E-198F-35A3-BE0B-3A3A1D4FE459}.MinSizeRel|x64.Build.0 = MinSizeRel|x64
		{8EDA585E-198F-35A3-BE0B-3A3A1D4FE459}.RelWithDebInfo|x64.ActiveCfg = RelWithDebInfo|x64
		{8EDA585E-198F-35A3-BE0B-3A3A1D4FE459}.RelWithDebInfo|x64.Build.0 = RelWithDebInfo|x64
		{2DF0EA5F-38D7-372D-96F3-7B8BA10884C4}.Debug|x64.ActiveCfg = Debug|x64
		{2DF0EA5F-38D7-372D-96F3-7B8BA10884C4}.Debug|x64.Build.0 = Debug|x64
		{2DF0EA5F-38D7-372D-96F3-7B8BA10884C4}.Release|x64.ActiveCfg = Release|x64
		{2DF0EA5F-38D7-372D-96F3-7B8BA10884C4}.Release|x64.Build.0 = Release|x64
		{2DF0EA5F-38D7-372D-96F3-7B8BA10884C4}.MinSizeRel|x64.ActiveCfg = MinSizeRel|x64
		{2DF0EA5F-38D7-372D-96F3-7B8BA10884C4}.MinSizeRel|x64.Build.0 = MinSizeRel|x64
		{2DF0EA5F-38D7-372D-96F3-7B8BA10884C4}.RelWithDebInfo|x64.ActiveCfg = RelWithDebInfo|x64
		{2DF0EA5F-38D7-372D-96F3-7B8BA10884C4}.RelWithDebInfo|x64.Build.0 = RelWithDebInfo|x64
		{A17AD436-EE2E-3803-A20E-85F9D576E6C5}.Debug|x64.ActiveCfg = Debug|x64
		{A17AD436-EE2E-3803-A20E-85F9D576E6C5}.Debug|x64.Build.0 = Debug|x64
		{A17AD436-EE2E-3803-A20E-85F9D576E6C5}.Release|x64.ActiveCfg = Release|x64
		{A17AD436-EE2E-3803-A20E-85F9D576E6C5}.Release|x64.Build.0 = Release|x64
		{A17AD436-EE2E-3803-A20E-85F9D576E6C5}.MinSizeRel|x64.ActiveCfg = MinSizeRel|x64
		{A17AD436-EE2E-3803-A20E-85F9D576E6C5}.MinSizeRel|x64.Build.0 = MinSizeRel|x64
		{A17AD436-EE2E-3803-A20E-85F9D576E6C5}.RelWithDebInfo|x64.ActiveCfg = RelWithDebInfo|x64
		{A17AD436-EE2E-3803-A20E-85F9D576E6C5}.RelWithDebInfo|x64.Build.0 = RelWithDebInfo|x64
		{2561E403-9349-3703-AD92-36133833018F}.Debug|x64.ActiveCfg = Debug|x64
		{2561E403-9349-3703-AD92-36133833018F}.Debug|x64.Build.0 = Debug|x64
		{2561E403-9349-3703-AD92-36133833018F}.Release|x64.ActiveCfg = Release|x64
		{2561E403-9349-3703-AD92-36133833018F}.Release|x64.Build.0 = Release|x64
		{2561E403-9349-3703-AD92-36133833018F}.MinSizeRel|x64.ActiveCfg = MinSizeRel|x64
		{2561E403-9349-3703-AD92-36133833018F}.MinSizeRel|x64.Build.0 = MinSizeRel|x64
		{2561E403-9349-3703-AD92-36133833018F}.RelWithDebInfo|x64.ActiveCfg = RelWithDebInfo|x64
		{2561E403-9349-3703-AD92-36133833018F}.RelWithDebInfo|x64.Build.0 = RelWithDebInfo|x64
	EndGlobalSection
	GlobalSection(NestedProjects) = preSolution
		{706944E4-17AE-30DE-9170-DECD2E949919} = {E54B0F7B-8608-3B1D-BEFC-BF1346FE44A1}
		{8EDA585E-198F-35A3-BE0B-3A3A1D4FE459} = {E54B0F7B-8608-3B1D-BEFC-BF1346FE44A1}
	EndGlobalSection
	GlobalSection(ExtensibilityGlobals) = postSolution
		SolutionGuid = {D444B0E6-7657-31D2-86EE-D4FAEB83B49C}
	EndGlobalSection
	GlobalSection(ExtensibilityAddIns) = postSolution
	EndGlobalSection
EndGlobal
